
Microsoft Visual Studio Solution File, Format Version 12.00
# Visual Studio Version 16
VisualStudioVersion = 16.0.31424.327
MinimumVisualStudioVersion = 10.0.40219.1
Project("{9A19103F-16F7-4668-BE54-9A1E7A4F7556}") = "Highest and Lowest (8)", "Highest and Lowest (7 kyu)\Highest and Lowest (8).csproj", "{151D178F-E448-4E43-9318-AD3EB646E86D}"
EndProject
Project("{9A19103F-16F7-4668-BE54-9A1E7A4F7556}") = "Printer Errors(8)", "Printer Errors\Printer Errors(8).csproj", "{CA4F65AD-141D-4ACD-A5E2-C396296DDB11}"
EndProject
Project("{9A19103F-16F7-4668-BE54-9A1E7A4F7556}") = "Is this a triangle(8)", "Is this a triangle\Is this a triangle(8).csproj", "{407DF591-DD7C-45C4-9CA1-38C7C9F85979}"
EndProject
Project("{9A19103F-16F7-4668-BE54-9A1E7A4F7556}") = "Mumbling(8)", "Mumbling\Mumbling(8).csproj", "{2B428509-B8FB-49DA-8C0B-BC537D57389F}"
EndProject
Project("{9A19103F-16F7-4668-BE54-9A1E7A4F7556}") = "Detect Pangram(8)", "Detect Pangram\Detect Pangram(8).csproj", "{DF594D39-BF80-4120-8BFB-1F9C1C3F9439}"
EndProject
Project("{9A19103F-16F7-4668-BE54-9A1E7A4F7556}") = "Multiples of 3 or 5", "Multiples of 3 or 5\Multiples of 3 or 5.csproj", "{3DDA5E40-9037-4207-81D7-627C68536E02}"
EndProject
Project("{9A19103F-16F7-4668-BE54-9A1E7A4F7556}") = "Maximum subarray sum", "Maximum subarray sum\Maximum subarray sum.csproj", "{DE8FD6EE-CA96-4382-9D86-54F360F33756}"
EndProject
Project("{9A19103F-16F7-4668-BE54-9A1E7A4F7556}") = "Build Tower", "Build Tower\Build Tower.csproj", "{9B08DA33-66A2-43DC-996E-EE21CD8C7256}"
EndProject
Project("{9A19103F-16F7-4668-BE54-9A1E7A4F7556}") = "Sort the odd(6)", "Sort the odd\Sort the odd(6).csproj", "{80BEE522-F76F-4ED2-B70C-6FBC162F44E9}"
EndProject
Project("{FAE04EC0-301F-11D3-BF4B-00C04F79EFBC}") = "Break camelCase(6)", "Break camelCase\Break camelCase(6).csproj", "{AD418014-9793-4EB5-928F-612F5CA7FAA7}"
EndProject
Project("{FAE04EC0-301F-11D3-BF4B-00C04F79EFBC}") = "First non-repeating character(5)", "ConsoleApp1\First non-repeating character(5).csproj", "{F56126C1-76C2-48F6-A378-1FCB4D23BF7C}"
EndProject
Project("{FAE04EC0-301F-11D3-BF4B-00C04F79EFBC}") = "The Supermarket Queue(6)", "The Supermarket Queue\The Supermarket Queue(6).csproj", "{43BBDDD8-FC7F-4C49-919C-F288275BCCD1}"
EndProject
Global
	GlobalSection(SolutionConfigurationPlatforms) = preSolution
		Debug|Any CPU = Debug|Any CPU
		Release|Any CPU = Release|Any CPU
	EndGlobalSection
	GlobalSection(ProjectConfigurationPlatforms) = postSolution
		{151D178F-E448-4E43-9318-AD3EB646E86D}.Debug|Any CPU.ActiveCfg = Debug|Any CPU
		{151D178F-E448-4E43-9318-AD3EB646E86D}.Debug|Any CPU.Build.0 = Debug|Any CPU
		{151D178F-E448-4E43-9318-AD3EB646E86D}.Release|Any CPU.ActiveCfg = Release|Any CPU
		{151D178F-E448-4E43-9318-AD3EB646E86D}.Release|Any CPU.Build.0 = Release|Any CPU
		{CA4F65AD-141D-4ACD-A5E2-C396296DDB11}.Debug|Any CPU.ActiveCfg = Debug|Any CPU
		{CA4F65AD-141D-4ACD-A5E2-C396296DDB11}.Debug|Any CPU.Build.0 = Debug|Any CPU
		{CA4F65AD-141D-4ACD-A5E2-C396296DDB11}.Release|Any CPU.ActiveCfg = Release|Any CPU
		{CA4F65AD-141D-4ACD-A5E2-C396296DDB11}.Release|Any CPU.Build.0 = Release|Any CPU
		{407DF591-DD7C-45C4-9CA1-38C7C9F85979}.Debug|Any CPU.ActiveCfg = Debug|Any CPU
		{407DF591-DD7C-45C4-9CA1-38C7C9F85979}.Debug|Any CPU.Build.0 = Debug|Any CPU
		{407DF591-DD7C-45C4-9CA1-38C7C9F85979}.Release|Any CPU.ActiveCfg = Release|Any CPU
		{407DF591-DD7C-45C4-9CA1-38C7C9F85979}.Release|Any CPU.Build.0 = Release|Any CPU
		{2B428509-B8FB-49DA-8C0B-BC537D57389F}.Debug|Any CPU.ActiveCfg = Debug|Any CPU
		{2B428509-B8FB-49DA-8C0B-BC537D57389F}.Debug|Any CPU.Build.0 = Debug|Any CPU
		{2B428509-B8FB-49DA-8C0B-BC537D57389F}.Release|Any CPU.ActiveCfg = Release|Any CPU
		{2B428509-B8FB-49DA-8C0B-BC537D57389F}.Release|Any CPU.Build.0 = Release|Any CPU
		{DF594D39-BF80-4120-8BFB-1F9C1C3F9439}.Debug|Any CPU.ActiveCfg = Debug|Any CPU
		{DF594D39-BF80-4120-8BFB-1F9C1C3F9439}.Debug|Any CPU.Build.0 = Debug|Any CPU
		{DF594D39-BF80-4120-8BFB-1F9C1C3F9439}.Release|Any CPU.ActiveCfg = Release|Any CPU
		{DF594D39-BF80-4120-8BFB-1F9C1C3F9439}.Release|Any CPU.Build.0 = Release|Any CPU
		{3DDA5E40-9037-4207-81D7-627C68536E02}.Debug|Any CPU.ActiveCfg = Debug|Any CPU
		{3DDA5E40-9037-4207-81D7-627C68536E02}.Debug|Any CPU.Build.0 = Debug|Any CPU
		{3DDA5E40-9037-4207-81D7-627C68536E02}.Release|Any CPU.ActiveCfg = Release|Any CPU
		{3DDA5E40-9037-4207-81D7-627C68536E02}.Release|Any CPU.Build.0 = Release|Any CPU
		{DE8FD6EE-CA96-4382-9D86-54F360F33756}.Debug|Any CPU.ActiveCfg = Debug|Any CPU
		{DE8FD6EE-CA96-4382-9D86-54F360F33756}.Debug|Any CPU.Build.0 = Debug|Any CPU
		{DE8FD6EE-CA96-4382-9D86-54F360F33756}.Release|Any CPU.ActiveCfg = Release|Any CPU
		{DE8FD6EE-CA96-4382-9D86-54F360F33756}.Release|Any CPU.Build.0 = Release|Any CPU
		{9B08DA33-66A2-43DC-996E-EE21CD8C7256}.Debug|Any CPU.ActiveCfg = Debug|Any CPU
		{9B08DA33-66A2-43DC-996E-EE21CD8C7256}.Debug|Any CPU.Build.0 = Debug|Any CPU
		{9B08DA33-66A2-43DC-996E-EE21CD8C7256}.Release|Any CPU.ActiveCfg = Release|Any CPU
		{9B08DA33-66A2-43DC-996E-EE21CD8C7256}.Release|Any CPU.Build.0 = Release|Any CPU
		{80BEE522-F76F-4ED2-B70C-6FBC162F44E9}.Debug|Any CPU.ActiveCfg = Debug|Any CPU
		{80BEE522-F76F-4ED2-B70C-6FBC162F44E9}.Debug|Any CPU.Build.0 = Debug|Any CPU
		{80BEE522-F76F-4ED2-B70C-6FBC162F44E9}.Release|Any CPU.ActiveCfg = Release|Any CPU
		{80BEE522-F76F-4ED2-B70C-6FBC162F44E9}.Release|Any CPU.Build.0 = Release|Any CPU
		{AD418014-9793-4EB5-928F-612F5CA7FAA7}.Debug|Any CPU.ActiveCfg = Debug|Any CPU
		{AD418014-9793-4EB5-928F-612F5CA7FAA7}.Debug|Any CPU.Build.0 = Debug|Any CPU
		{AD418014-9793-4EB5-928F-612F5CA7FAA7}.Release|Any CPU.ActiveCfg = Release|Any CPU
		{AD418014-9793-4EB5-928F-612F5CA7FAA7}.Release|Any CPU.Build.0 = Release|Any CPU
		{F56126C1-76C2-48F6-A378-1FCB4D23BF7C}.Debug|Any CPU.ActiveCfg = Debug|Any CPU
		{F56126C1-76C2-48F6-A378-1FCB4D23BF7C}.Debug|Any CPU.Build.0 = Debug|Any CPU
		{F56126C1-76C2-48F6-A378-1FCB4D23BF7C}.Release|Any CPU.ActiveCfg = Release|Any CPU
		{F56126C1-76C2-48F6-A378-1FCB4D23BF7C}.Release|Any CPU.Build.0 = Release|Any CPU
		{43BBDDD8-FC7F-4C49-919C-F288275BCCD1}.Debug|Any CPU.ActiveCfg = Debug|Any CPU
		{43BBDDD8-FC7F-4C49-919C-F288275BCCD1}.Debug|Any CPU.Build.0 = Debug|Any CPU
		{43BBDDD8-FC7F-4C49-919C-F288275BCCD1}.Release|Any CPU.ActiveCfg = Release|Any CPU
		{43BBDDD8-FC7F-4C49-919C-F288275BCCD1}.Release|Any CPU.Build.0 = Release|Any CPU
	EndGlobalSection
	GlobalSection(SolutionProperties) = preSolution
		HideSolutionNode = FALSE
	EndGlobalSection
	GlobalSection(ExtensibilityGlobals) = postSolution
		SolutionGuid = {1435678A-FFE1-40CE-840E-0C82B091F556}
	EndGlobalSection
EndGlobal
