
Microsoft Visual Studio Solution File, Format Version 12.00
# Visual Studio Version 16
VisualStudioVersion = 16.0.31424.327
MinimumVisualStudioVersion = 10.0.40219.1
Project("{FAE04EC0-301F-11D3-BF4B-00C04F79EFBC}") = "Highest and Lowest (7 kyu)", "Highest and Lowest (7 kyu)\Highest and Lowest (7 kyu).csproj", "{151D178F-E448-4E43-9318-AD3EB646E86D}"
EndProject
Project("{FAE04EC0-301F-11D3-BF4B-00C04F79EFBC}") = "Printer Errors", "Printer Errors\Printer Errors.csproj", "{CA4F65AD-141D-4ACD-A5E2-C396296DDB11}"
EndProject
Project("{FAE04EC0-301F-11D3-BF4B-00C04F79EFBC}") = "Is this a triangle", "Is this a triangle\Is this a triangle.csproj", "{407DF591-DD7C-45C4-9CA1-38C7C9F85979}"
EndProject
Project("{FAE04EC0-301F-11D3-BF4B-00C04F79EFBC}") = "Mumbling", "Mumbling\Mumbling.csproj", "{2B428509-B8FB-49DA-8C0B-BC537D57389F}"
EndProject
Project("{FAE04EC0-301F-11D3-BF4B-00C04F79EFBC}") = "Detect Pangram", "Detect Pangram\Detect Pangram.csproj", "{DF594D39-BF80-4120-8BFB-1F9C1C3F9439}"
EndProject
Global
	GlobalSection(SolutionConfigurationPlatforms) = preSolution
		Debug|Any CPU = Debug|Any CPU
		Release|Any CPU = Release|Any CPU
	EndGlobalSection
	GlobalSection(ProjectConfigurationPlatforms) = postSolution
		{151D178F-E448-4E43-9318-AD3EB646E86D}.Debug|Any CPU.ActiveCfg = Debug|Any CPU
		{151D178F-E448-4E43-9318-AD3EB646E86D}.Debug|Any CPU.Build.0 = Debug|Any CPU
		{151D178F-E448-4E43-9318-AD3EB646E86D}.Release|Any CPU.ActiveCfg = Release|Any CPU
		{151D178F-E448-4E43-9318-AD3EB646E86D}.Release|Any CPU.Build.0 = Release|Any CPU
		{CA4F65AD-141D-4ACD-A5E2-C396296DDB11}.Debug|Any CPU.ActiveCfg = Debug|Any CPU
		{CA4F65AD-141D-4ACD-A5E2-C396296DDB11}.Debug|Any CPU.Build.0 = Debug|Any CPU
		{CA4F65AD-141D-4ACD-A5E2-C396296DDB11}.Release|Any CPU.ActiveCfg = Release|Any CPU
		{CA4F65AD-141D-4ACD-A5E2-C396296DDB11}.Release|Any CPU.Build.0 = Release|Any CPU
		{407DF591-DD7C-45C4-9CA1-38C7C9F85979}.Debug|Any CPU.ActiveCfg = Debug|Any CPU
		{407DF591-DD7C-45C4-9CA1-38C7C9F85979}.Debug|Any CPU.Build.0 = Debug|Any CPU
		{407DF591-DD7C-45C4-9CA1-38C7C9F85979}.Release|Any CPU.ActiveCfg = Release|Any CPU
		{407DF591-DD7C-45C4-9CA1-38C7C9F85979}.Release|Any CPU.Build.0 = Release|Any CPU
		{2B428509-B8FB-49DA-8C0B-BC537D57389F}.Debug|Any CPU.ActiveCfg = Debug|Any CPU
		{2B428509-B8FB-49DA-8C0B-BC537D57389F}.Debug|Any CPU.Build.0 = Debug|Any CPU
		{2B428509-B8FB-49DA-8C0B-BC537D57389F}.Release|Any CPU.ActiveCfg = Release|Any CPU
		{2B428509-B8FB-49DA-8C0B-BC537D57389F}.Release|Any CPU.Build.0 = Release|Any CPU
		{DF594D39-BF80-4120-8BFB-1F9C1C3F9439}.Debug|Any CPU.ActiveCfg = Debug|Any CPU
		{DF594D39-BF80-4120-8BFB-1F9C1C3F9439}.Debug|Any CPU.Build.0 = Debug|Any CPU
		{DF594D39-BF80-4120-8BFB-1F9C1C3F9439}.Release|Any CPU.ActiveCfg = Release|Any CPU
		{DF594D39-BF80-4120-8BFB-1F9C1C3F9439}.Release|Any CPU.Build.0 = Release|Any CPU
	EndGlobalSection
	GlobalSection(SolutionProperties) = preSolution
		HideSolutionNode = FALSE
	EndGlobalSection
	GlobalSection(ExtensibilityGlobals) = postSolution
		SolutionGuid = {1435678A-FFE1-40CE-840E-0C82B091F556}
	EndGlobalSection
EndGlobal
